
Microsoft Visual Studio Solution File, Format Version 12.00
# Visual Studio 15
VisualStudioVersion = 15.0.26711.1
MinimumVisualStudioVersion = 10.0.40219.1
Project("{9A19103F-16F7-4668-BE54-9A1E7A4F7556}") = "MiniCommerce.Domain", "MiniCommerce.Domain\MiniCommerce.Domain.csproj", "{2E00C4A9-AB6B-4B89-B04A-918BB7FA5533}"
EndProject
Project("{9A19103F-16F7-4668-BE54-9A1E7A4F7556}") = "MiniCommerce.Data", "MiniCommerce.Data\MiniCommerce.Data.csproj", "{86232ECC-5559-4852-96E7-E7B845744B3D}"
EndProject
Project("{9A19103F-16F7-4668-BE54-9A1E7A4F7556}") = "MiniCommerce.Infrastructure", "MiniCommerce.Infrastructure\MiniCommerce.Infrastructure.csproj", "{CC587A05-7FFA-48AF-9DAF-C10D21254E77}"
EndProject
Project("{FAE04EC0-301F-11D3-BF4B-00C04F79EFBC}") = "MiniCommerce.ConsoleUI", "MiniCommerce.ConsoleUI\MiniCommerce.ConsoleUI.csproj", "{76EE3E2E-7C9F-448A-B500-0429C11C1889}"
EndProject
Global
	GlobalSection(SolutionConfigurationPlatforms) = preSolution
		Debug|Any CPU = Debug|Any CPU
		Release|Any CPU = Release|Any CPU
	EndGlobalSection
	GlobalSection(ProjectConfigurationPlatforms) = postSolution
		{2E00C4A9-AB6B-4B89-B04A-918BB7FA5533}.Debug|Any CPU.ActiveCfg = Debug|Any CPU
		{2E00C4A9-AB6B-4B89-B04A-918BB7FA5533}.Debug|Any CPU.Build.0 = Debug|Any CPU
		{2E00C4A9-AB6B-4B89-B04A-918BB7FA5533}.Release|Any CPU.ActiveCfg = Release|Any CPU
		{2E00C4A9-AB6B-4B89-B04A-918BB7FA5533}.Release|Any CPU.Build.0 = Release|Any CPU
		{86232ECC-5559-4852-96E7-E7B845744B3D}.Debug|Any CPU.ActiveCfg = Debug|Any CPU
		{86232ECC-5559-4852-96E7-E7B845744B3D}.Debug|Any CPU.Build.0 = Debug|Any CPU
		{86232ECC-5559-4852-96E7-E7B845744B3D}.Release|Any CPU.ActiveCfg = Release|Any CPU
		{86232ECC-5559-4852-96E7-E7B845744B3D}.Release|Any CPU.Build.0 = Release|Any CPU
		{CC587A05-7FFA-48AF-9DAF-C10D21254E77}.Debug|Any CPU.ActiveCfg = Debug|Any CPU
		{CC587A05-7FFA-48AF-9DAF-C10D21254E77}.Debug|Any CPU.Build.0 = Debug|Any CPU
		{CC587A05-7FFA-48AF-9DAF-C10D21254E77}.Release|Any CPU.ActiveCfg = Release|Any CPU
		{CC587A05-7FFA-48AF-9DAF-C10D21254E77}.Release|Any CPU.Build.0 = Release|Any CPU
		{76EE3E2E-7C9F-448A-B500-0429C11C1889}.Debug|Any CPU.ActiveCfg = Debug|Any CPU
		{76EE3E2E-7C9F-448A-B500-0429C11C1889}.Debug|Any CPU.Build.0 = Debug|Any CPU
		{76EE3E2E-7C9F-448A-B500-0429C11C1889}.Release|Any CPU.ActiveCfg = Release|Any CPU
		{76EE3E2E-7C9F-448A-B500-0429C11C1889}.Release|Any CPU.Build.0 = Release|Any CPU
	EndGlobalSection
	GlobalSection(SolutionProperties) = preSolution
		HideSolutionNode = FALSE
	EndGlobalSection
	GlobalSection(ExtensibilityGlobals) = postSolution
		SolutionGuid = {57B4272C-C893-4B8B-8744-9DB7CD9EC9BC}
	EndGlobalSection
EndGlobal
