
Microsoft Visual Studio Solution File, Format Version 12.00
# Visual Studio 15
VisualStudioVersion = 15.0.27130.2024
MinimumVisualStudioVersion = 10.0.40219.1
Project("{FAE04EC0-301F-11D3-BF4B-00C04F79EFBC}") = "MiniCommerce.ConsoleUI", "MiniCommerce\MiniCommerce.ConsoleUI.csproj", "{1852E8F9-FA4B-4E48-8351-BFAEED88B689}"
EndProject
Project("{FAE04EC0-301F-11D3-BF4B-00C04F79EFBC}") = "MiniCommerce.Data", "MiniCommerce.Data\MiniCommerce.Data.csproj", "{B4F2B4EB-A992-4B4F-9AE1-220CEC68CFFA}"
EndProject
Project("{FAE04EC0-301F-11D3-BF4B-00C04F79EFBC}") = "MiniCommerce.Domain", "MiniCommerce.Domain\MiniCommerce.Domain.csproj", "{B4DCBEF9-EB61-433B-A99D-7402CBBECA5B}"
EndProject
Project("{FAE04EC0-301F-11D3-BF4B-00C04F79EFBC}") = "MiniCommerce.Infrastructure", "MiniCommerce.Infrastructure\MiniCommerce.Infrastructure.csproj", "{B09FB148-33F4-40C1-9C68-820E75EE4A82}"
EndProject
Global
	GlobalSection(SolutionConfigurationPlatforms) = preSolution
		Debug|Any CPU = Debug|Any CPU
		Release|Any CPU = Release|Any CPU
	EndGlobalSection
	GlobalSection(ProjectConfigurationPlatforms) = postSolution
		{1852E8F9-FA4B-4E48-8351-BFAEED88B689}.Debug|Any CPU.ActiveCfg = Debug|Any CPU
		{1852E8F9-FA4B-4E48-8351-BFAEED88B689}.Debug|Any CPU.Build.0 = Debug|Any CPU
		{1852E8F9-FA4B-4E48-8351-BFAEED88B689}.Release|Any CPU.ActiveCfg = Release|Any CPU
		{1852E8F9-FA4B-4E48-8351-BFAEED88B689}.Release|Any CPU.Build.0 = Release|Any CPU
		{B4F2B4EB-A992-4B4F-9AE1-220CEC68CFFA}.Debug|Any CPU.ActiveCfg = Debug|Any CPU
		{B4F2B4EB-A992-4B4F-9AE1-220CEC68CFFA}.Debug|Any CPU.Build.0 = Debug|Any CPU
		{B4F2B4EB-A992-4B4F-9AE1-220CEC68CFFA}.Release|Any CPU.ActiveCfg = Release|Any CPU
		{B4F2B4EB-A992-4B4F-9AE1-220CEC68CFFA}.Release|Any CPU.Build.0 = Release|Any CPU
		{B4DCBEF9-EB61-433B-A99D-7402CBBECA5B}.Debug|Any CPU.ActiveCfg = Debug|Any CPU
		{B4DCBEF9-EB61-433B-A99D-7402CBBECA5B}.Debug|Any CPU.Build.0 = Debug|Any CPU
		{B4DCBEF9-EB61-433B-A99D-7402CBBECA5B}.Release|Any CPU.ActiveCfg = Release|Any CPU
		{B4DCBEF9-EB61-433B-A99D-7402CBBECA5B}.Release|Any CPU.Build.0 = Release|Any CPU
		{B09FB148-33F4-40C1-9C68-820E75EE4A82}.Debug|Any CPU.ActiveCfg = Debug|Any CPU
		{B09FB148-33F4-40C1-9C68-820E75EE4A82}.Debug|Any CPU.Build.0 = Debug|Any CPU
		{B09FB148-33F4-40C1-9C68-820E75EE4A82}.Release|Any CPU.ActiveCfg = Release|Any CPU
		{B09FB148-33F4-40C1-9C68-820E75EE4A82}.Release|Any CPU.Build.0 = Release|Any CPU
	EndGlobalSection
	GlobalSection(SolutionProperties) = preSolution
		HideSolutionNode = FALSE
	EndGlobalSection
	GlobalSection(ExtensibilityGlobals) = postSolution
		SolutionGuid = {F1994D5B-D163-42D2-9B64-13700B693B50}
	EndGlobalSection
EndGlobal
